
Microsoft Visual Studio Solution File, Format Version 12.00
# Visual Studio Version 16
VisualStudioVersion = 16.0.33027.164
MinimumVisualStudioVersion = 10.0.40219.1
Project("{FAE04EC0-301F-11D3-BF4B-00C04F79EFBC}") = "MTLicense", "MTLicense\MTLicense.csproj", "{DC8EF83F-6399-462D-8902-9777317537FF}"
EndProject
Global
	GlobalSection(SolutionConfigurationPlatforms) = preSolution
		Debug|Any CPU = Debug|Any CPU
		Release|Any CPU = Release|Any CPU
	EndGlobalSection
	GlobalSection(ProjectConfigurationPlatforms) = postSolution
		{DC8EF83F-6399-462D-8902-9777317537FF}.Debug|Any CPU.ActiveCfg = Debug|Any CPU
		{DC8EF83F-6399-462D-8902-9777317537FF}.Debug|Any CPU.Build.0 = Debug|Any CPU
		{DC8EF83F-6399-462D-8902-9777317537FF}.Release|Any CPU.ActiveCfg = Release|Any CPU
		{DC8EF83F-6399-462D-8902-9777317537FF}.Release|Any CPU.Build.0 = Release|Any CPU
	EndGlobalSection
	GlobalSection(SolutionProperties) = preSolution
		HideSolutionNode = FALSE
	EndGlobalSection
	GlobalSection(ExtensibilityGlobals) = postSolution
		SolutionGuid = {D703C890-4474-4B6D-822A-885FB685AE20}
	EndGlobalSection
EndGlobal
